
Microsoft Visual Studio Solution File, Format Version 12.00
# Visual Studio Version 16
VisualStudioVersion = 16.0.31515.178
MinimumVisualStudioVersion = 10.0.40219.1
Project("{8BC9CEB8-8B4A-11D0-8D11-00A0C91BC942}") = "Sandbox", "Sandbox\Sandbox.vcxproj", "{4A937357-B51D-433D-A8D6-95FB08F32B2E}"
EndProject
Project("{8BC9CEB8-8B4A-11D0-8D11-00A0C91BC942}") = "GameEngine", "GameEngine\GameEngine.vcxproj", "{1F84D0FA-BF0E-411D-90DE-810ECBDFDD55}"
EndProject
Global
	GlobalSection(SolutionConfigurationPlatforms) = preSolution
		Debug|x64 = Debug|x64
		Release|x64 = Release|x64
	EndGlobalSection
	GlobalSection(ProjectConfigurationPlatforms) = postSolution
		{1F84D0FA-BF0E-411D-90DE-810ECBDFDD55}.Debug|x64.ActiveCfg = Debug|x64
		{1F84D0FA-BF0E-411D-90DE-810ECBDFDD55}.Debug|x64.Build.0 = Debug|x64
		{1F84D0FA-BF0E-411D-90DE-810ECBDFDD55}.Release|x64.ActiveCfg = Release|x64
		{1F84D0FA-BF0E-411D-90DE-810ECBDFDD55}.Release|x64.Build.0 = Release|x64
		{4A937357-B51D-433D-A8D6-95FB08F32B2E}.Debug|x64.ActiveCfg = Debug|x64
		{4A937357-B51D-433D-A8D6-95FB08F32B2E}.Debug|x64.Build.0 = Debug|x64
		{4A937357-B51D-433D-A8D6-95FB08F32B2E}.Release|x64.ActiveCfg = Release|x64
		{4A937357-B51D-433D-A8D6-95FB08F32B2E}.Release|x64.Build.0 = Release|x64
	EndGlobalSection
	GlobalSection(SolutionProperties) = preSolution
		HideSolutionNode = FALSE
	EndGlobalSection
	GlobalSection(ExtensibilityGlobals) = postSolution
		SolutionGuid = {171D38D2-166F-4EC3-8301-47A4BF69CD1E}
	EndGlobalSection
EndGlobal
